
Microsoft Visual Studio Solution File, Format Version 11.00
# Visual Studio 2010
Project("{F184B08F-C81C-45F6-A57F-5ABD9991F28F}") = "VBActiveReportToPDF", "VBActiveReportToPDF\VBActiveReportToPDF.vbproj", "{262D33EF-758A-4FCE-A580-2FC652A870BA}"
EndProject
Global
	GlobalSection(SolutionConfigurationPlatforms) = preSolution
		Debug|x86 = Debug|x86
		Release|x86 = Release|x86
	EndGlobalSection
	GlobalSection(ProjectConfigurationPlatforms) = postSolution
		{262D33EF-758A-4FCE-A580-2FC652A870BA}.Debug|x86.ActiveCfg = Debug|x86
		{262D33EF-758A-4FCE-A580-2FC652A870BA}.Debug|x86.Build.0 = Debug|x86
		{262D33EF-758A-4FCE-A580-2FC652A870BA}.Release|x86.ActiveCfg = Release|x86
		{262D33EF-758A-4FCE-A580-2FC652A870BA}.Release|x86.Build.0 = Release|x86
	EndGlobalSection
	GlobalSection(SolutionProperties) = preSolution
		HideSolutionNode = FALSE
	EndGlobalSection
EndGlobal
